
Microsoft Visual Studio Solution File, Format Version 12.00
# Visual Studio Version 17
VisualStudioVersion = 17.8.34322.80
MinimumVisualStudioVersion = 10.0.40219.1
Project("{FAE04EC0-301F-11D3-BF4B-00C04F79EFBC}") = "BookManagement.API", "BookManagement.API\BookManagement.API.csproj", "{0D074B35-70B6-4C84-A872-E2BE1CF0930C}"
EndProject
Project("{FAE04EC0-301F-11D3-BF4B-00C04F79EFBC}") = "BookManagement.Service", "BookManagement.Service\BookManagement.Service.csproj", "{AA5BB484-CD3F-4075-94EB-7D7FC37C6026}"
EndProject
Project("{FAE04EC0-301F-11D3-BF4B-00C04F79EFBC}") = "BookManagement.Repository", "BookManagement.Repository\BookManagement.Repository.csproj", "{E29631DE-6B7C-412B-81C4-B9572BA5B164}"
EndProject
Global
	GlobalSection(SolutionConfigurationPlatforms) = preSolution
		Debug|Any CPU = Debug|Any CPU
		Release|Any CPU = Release|Any CPU
	EndGlobalSection
	GlobalSection(ProjectConfigurationPlatforms) = postSolution
		{0D074B35-70B6-4C84-A872-E2BE1CF0930C}.Debug|Any CPU.ActiveCfg = Debug|Any CPU
		{0D074B35-70B6-4C84-A872-E2BE1CF0930C}.Debug|Any CPU.Build.0 = Debug|Any CPU
		{0D074B35-70B6-4C84-A872-E2BE1CF0930C}.Release|Any CPU.ActiveCfg = Release|Any CPU
		{0D074B35-70B6-4C84-A872-E2BE1CF0930C}.Release|Any CPU.Build.0 = Release|Any CPU
		{AA5BB484-CD3F-4075-94EB-7D7FC37C6026}.Debug|Any CPU.ActiveCfg = Debug|Any CPU
		{AA5BB484-CD3F-4075-94EB-7D7FC37C6026}.Debug|Any CPU.Build.0 = Debug|Any CPU
		{AA5BB484-CD3F-4075-94EB-7D7FC37C6026}.Release|Any CPU.ActiveCfg = Release|Any CPU
		{AA5BB484-CD3F-4075-94EB-7D7FC37C6026}.Release|Any CPU.Build.0 = Release|Any CPU
		{E29631DE-6B7C-412B-81C4-B9572BA5B164}.Debug|Any CPU.ActiveCfg = Debug|Any CPU
		{E29631DE-6B7C-412B-81C4-B9572BA5B164}.Debug|Any CPU.Build.0 = Debug|Any CPU
		{E29631DE-6B7C-412B-81C4-B9572BA5B164}.Release|Any CPU.ActiveCfg = Release|Any CPU
		{E29631DE-6B7C-412B-81C4-B9572BA5B164}.Release|Any CPU.Build.0 = Release|Any CPU
	EndGlobalSection
	GlobalSection(SolutionProperties) = preSolution
		HideSolutionNode = FALSE
	EndGlobalSection
	GlobalSection(ExtensibilityGlobals) = postSolution
		SolutionGuid = {23B02F06-C394-4DBB-864C-3116B9587C08}
	EndGlobalSection
EndGlobal
